// !$*UTF8*$!
{
	archiveVersion = 1;
	classes = {
	};
	objectVersion = 56;
	objects = {

/* Begin PBXBuildFile section */
		8529C01B2A23CAAB0030D102 /* YNInteractor.swift in Sources */ = {isa = PBXBuildFile; fileRef = 8529C01A2A23CAAB0030D102 /* YNInteractor.swift */; };
		856BC4C12A2114BD00259E9E /* YNTouchView.swift in Sources */ = {isa = PBXBuildFile; fileRef = 856BC4C02A2114BD00259E9E /* YNTouchView.swift */; };
		856BC4C42A2140F200259E9E /* YNDesign.swift in Sources */ = {isa = PBXBuildFile; fileRef = 856BC4C32A2140F200259E9E /* YNDesign.swift */; };
		856BC4C82A2334C800259E9E /* YNModels.swift in Sources */ = {isa = PBXBuildFile; fileRef = 856BC4C72A2334C800259E9E /* YNModels.swift */; };
		856BC4CB2A2337E500259E9E /* YNImageModifier.swift in Sources */ = {isa = PBXBuildFile; fileRef = 856BC4CA2A2337E500259E9E /* YNImageModifier.swift */; };
		856BC4D02A2379B400259E9E /* YNShowResultsViewController.swift in Sources */ = {isa = PBXBuildFile; fileRef = 856BC4CF2A2379B400259E9E /* YNShowResultsViewController.swift */; };
		856BC4D22A237B4500259E9E /* YNShowResultsTableViewCell.swift in Sources */ = {isa = PBXBuildFile; fileRef = 856BC4D12A237B4500259E9E /* YNShowResultsTableViewCell.swift */; };
		859B283D2A18C5C90072318B /* AppDelegate.swift in Sources */ = {isa = PBXBuildFile; fileRef = 859B283C2A18C5C90072318B /* AppDelegate.swift */; };
		859B28412A18C5C90072318B /* YNMainViewController.swift in Sources */ = {isa = PBXBuildFile; fileRef = 859B28402A18C5C90072318B /* YNMainViewController.swift */; };
		859B28442A18C5C90072318B /* Main.storyboard in Resources */ = {isa = PBXBuildFile; fileRef = 859B28422A18C5C90072318B /* Main.storyboard */; };
		859B28462A18C5CA0072318B /* Assets.xcassets in Resources */ = {isa = PBXBuildFile; fileRef = 859B28452A18C5CA0072318B /* Assets.xcassets */; };
		859B28492A18C5CA0072318B /* LaunchScreen.storyboard in Resources */ = {isa = PBXBuildFile; fileRef = 859B28472A18C5CA0072318B /* LaunchScreen.storyboard */; };
		859B28542A1B5F3B0072318B /* YNAppDependencies.swift in Sources */ = {isa = PBXBuildFile; fileRef = 859B28532A1B5F3B0072318B /* YNAppDependencies.swift */; };
		859B28572A1B64DF0072318B /* YNMainNavigator.swift in Sources */ = {isa = PBXBuildFile; fileRef = 859B28562A1B64DF0072318B /* YNMainNavigator.swift */; };
		859B28592A1B6E190072318B /* YNExtensions.swift in Sources */ = {isa = PBXBuildFile; fileRef = 859B28582A1B6E190072318B /* YNExtensions.swift */; };
		859B285B2A1BC5250072318B /* YNMainPresenter.swift in Sources */ = {isa = PBXBuildFile; fileRef = 859B285A2A1BC5250072318B /* YNMainPresenter.swift */; };
		859B285E2A1BD2D90072318B /* YNNoImageButton.swift in Sources */ = {isa = PBXBuildFile; fileRef = 859B285D2A1BD2D90072318B /* YNNoImageButton.swift */; };
		859F4CFE2A2B4E0B001CBAB5 /* YNSelectImageFromGaleryController.swift in Sources */ = {isa = PBXBuildFile; fileRef = 859F4CFD2A2B4E0B001CBAB5 /* YNSelectImageFromGaleryController.swift */; };
/* End PBXBuildFile section */

/* Begin PBXFileReference section */
		8529C01A2A23CAAB0030D102 /* YNInteractor.swift */ = {isa = PBXFileReference; lastKnownFileType = sourcecode.swift; path = YNInteractor.swift; sourceTree = "<group>"; };
		856BC4C02A2114BD00259E9E /* YNTouchView.swift */ = {isa = PBXFileReference; lastKnownFileType = sourcecode.swift; path = YNTouchView.swift; sourceTree = "<group>"; };
		856BC4C32A2140F200259E9E /* YNDesign.swift */ = {isa = PBXFileReference; lastKnownFileType = sourcecode.swift; path = YNDesign.swift; sourceTree = "<group>"; };
		856BC4C72A2334C800259E9E /* YNModels.swift */ = {isa = PBXFileReference; lastKnownFileType = sourcecode.swift; path = YNModels.swift; sourceTree = "<group>"; };
		856BC4CA2A2337E500259E9E /* YNImageModifier.swift */ = {isa = PBXFileReference; lastKnownFileType = sourcecode.swift; path = YNImageModifier.swift; sourceTree = "<group>"; };
		856BC4CF2A2379B400259E9E /* YNShowResultsViewController.swift */ = {isa = PBXFileReference; lastKnownFileType = sourcecode.swift; path = YNShowResultsViewController.swift; sourceTree = "<group>"; };
		856BC4D12A237B4500259E9E /* YNShowResultsTableViewCell.swift */ = {isa = PBXFileReference; lastKnownFileType = sourcecode.swift; path = YNShowResultsTableViewCell.swift; sourceTree = "<group>"; };
		859B28392A18C5C90072318B /* PictureDrag.app */ = {isa = PBXFileReference; explicitFileType = wrapper.application; includeInIndex = 0; path = PictureDrag.app; sourceTree = BUILT_PRODUCTS_DIR; };
		859B283C2A18C5C90072318B /* AppDelegate.swift */ = {isa = PBXFileReference; lastKnownFileType = sourcecode.swift; path = AppDelegate.swift; sourceTree = "<group>"; };
		859B28402A18C5C90072318B /* YNMainViewController.swift */ = {isa = PBXFileReference; lastKnownFileType = sourcecode.swift; path = YNMainViewController.swift; sourceTree = "<group>"; };
		859B28432A18C5C90072318B /* Base */ = {isa = PBXFileReference; lastKnownFileType = file.storyboard; name = Base; path = Base.lproj/Main.storyboard; sourceTree = "<group>"; };
		859B28452A18C5CA0072318B /* Assets.xcassets */ = {isa = PBXFileReference; lastKnownFileType = folder.assetcatalog; path = Assets.xcassets; sourceTree = "<group>"; };
		859B28482A18C5CA0072318B /* Base */ = {isa = PBXFileReference; lastKnownFileType = file.storyboard; name = Base; path = Base.lproj/LaunchScreen.storyboard; sourceTree = "<group>"; };
		859B284A2A18C5CA0072318B /* Info.plist */ = {isa = PBXFileReference; lastKnownFileType = text.plist.xml; path = Info.plist; sourceTree = "<group>"; };
		859B28532A1B5F3B0072318B /* YNAppDependencies.swift */ = {isa = PBXFileReference; lastKnownFileType = sourcecode.swift; path = YNAppDependencies.swift; sourceTree = "<group>"; };
		859B28562A1B64DF0072318B /* YNMainNavigator.swift */ = {isa = PBXFileReference; lastKnownFileType = sourcecode.swift; path = YNMainNavigator.swift; sourceTree = "<group>"; };
		859B28582A1B6E190072318B /* YNExtensions.swift */ = {isa = PBXFileReference; lastKnownFileType = sourcecode.swift; path = YNExtensions.swift; sourceTree = "<group>"; };
		859B285A2A1BC5250072318B /* YNMainPresenter.swift */ = {isa = PBXFileReference; lastKnownFileType = sourcecode.swift; path = YNMainPresenter.swift; sourceTree = "<group>"; };
		859B285D2A1BD2D90072318B /* YNNoImageButton.swift */ = {isa = PBXFileReference; lastKnownFileType = sourcecode.swift; path = YNNoImageButton.swift; sourceTree = "<group>"; };
		859F4CFD2A2B4E0B001CBAB5 /* YNSelectImageFromGaleryController.swift */ = {isa = PBXFileReference; lastKnownFileType = sourcecode.swift; path = YNSelectImageFromGaleryController.swift; sourceTree = "<group>"; };
/* End PBXFileReference section */

/* Begin PBXFrameworksBuildPhase section */
		859B28362A18C5C90072318B /* Frameworks */ = {
			isa = PBXFrameworksBuildPhase;
			buildActionMask = 2147483647;
			files = (
			);
			runOnlyForDeploymentPostprocessing = 0;
		};
/* End PBXFrameworksBuildPhase section */

/* Begin PBXGroup section */
		856BC4C22A2140D600259E9E /* YNDesign */ = {
			isa = PBXGroup;
			children = (
				856BC4C32A2140F200259E9E /* YNDesign.swift */,
			);
			path = YNDesign;
			sourceTree = "<group>";
		};
		856BC4C52A222B3900259E9E /* YNMainViewController */ = {
			isa = PBXGroup;
			children = (
				859B28402A18C5C90072318B /* YNMainViewController.swift */,
			);
			path = YNMainViewController;
			sourceTree = "<group>";
		};
		856BC4C62A2334A100259E9E /* Models */ = {
			isa = PBXGroup;
			children = (
				856BC4C72A2334C800259E9E /* YNModels.swift */,
			);
			path = Models;
			sourceTree = "<group>";
		};
		856BC4C92A23375300259E9E /* AppLogic */ = {
			isa = PBXGroup;
			children = (
				856BC4C22A2140D600259E9E /* YNDesign */,
				856BC4CA2A2337E500259E9E /* YNImageModifier.swift */,
				8529C01A2A23CAAB0030D102 /* YNInteractor.swift */,
			);
			path = AppLogic;
			sourceTree = "<group>";
		};
		856BC4CE2A2378E300259E9E /* ShowGameResults */ = {
			isa = PBXGroup;
			children = (
				856BC4CF2A2379B400259E9E /* YNShowResultsViewController.swift */,
				856BC4D12A237B4500259E9E /* YNShowResultsTableViewCell.swift */,
			);
			path = ShowGameResults;
			sourceTree = "<group>";
		};
		859B28302A18C5C90072318B = {
			isa = PBXGroup;
			children = (
				859B283B2A18C5C90072318B /* PictureDrag */,
				859B283A2A18C5C90072318B /* Products */,
			);
			sourceTree = "<group>";
		};
		859B283A2A18C5C90072318B /* Products */ = {
			isa = PBXGroup;
			children = (
				859B28392A18C5C90072318B /* PictureDrag.app */,
			);
			name = Products;
			sourceTree = "<group>";
		};
		859B283B2A18C5C90072318B /* PictureDrag */ = {
			isa = PBXGroup;
			children = (
				859B28522A1B5EBE0072318B /* Common */,
				859B28512A1B5E980072318B /* Resources */,
				859B28502A1B5CF70072318B /* Main */,
				859B283C2A18C5C90072318B /* AppDelegate.swift */,
				859B284A2A18C5CA0072318B /* Info.plist */,
			);
			path = PictureDrag;
			sourceTree = "<group>";
		};
		859B28502A1B5CF70072318B /* Main */ = {
			isa = PBXGroup;
			children = (
			);
			path = Main;
			sourceTree = "<group>";
		};
		859B28512A1B5E980072318B /* Resources */ = {
			isa = PBXGroup;
			children = (
				859B28422A18C5C90072318B /* Main.storyboard */,
				859B28452A18C5CA0072318B /* Assets.xcassets */,
				859B28472A18C5CA0072318B /* LaunchScreen.storyboard */,
			);
			path = Resources;
			sourceTree = "<group>";
		};
		859B28522A1B5EBE0072318B /* Common */ = {
			isa = PBXGroup;
			children = (
				859F4CFC2A2B4D7E001CBAB5 /* SelectImageControllers */,
				856BC4CE2A2378E300259E9E /* ShowGameResults */,
				856BC4C92A23375300259E9E /* AppLogic */,
				856BC4C62A2334A100259E9E /* Models */,
				856BC4C52A222B3900259E9E /* YNMainViewController */,
				859B285C2A1BD2780072318B /* YNReusableElements */,
				859B28552A1B64D30072318B /* YNExtensions */,
				859B28532A1B5F3B0072318B /* YNAppDependencies.swift */,
				859B28562A1B64DF0072318B /* YNMainNavigator.swift */,
				859B285A2A1BC5250072318B /* YNMainPresenter.swift */,
			);
			path = Common;
			sourceTree = "<group>";
		};
		859B28552A1B64D30072318B /* YNExtensions */ = {
			isa = PBXGroup;
			children = (
				859B28582A1B6E190072318B /* YNExtensions.swift */,
			);
			path = YNExtensions;
			sourceTree = "<group>";
		};
		859B285C2A1BD2780072318B /* YNReusableElements */ = {
			isa = PBXGroup;
			children = (
				859B285D2A1BD2D90072318B /* YNNoImageButton.swift */,
				856BC4C02A2114BD00259E9E /* YNTouchView.swift */,
			);
			path = YNReusableElements;
			sourceTree = "<group>";
		};
		859F4CFC2A2B4D7E001CBAB5 /* SelectImageControllers */ = {
			isa = PBXGroup;
			children = (
				859F4CFD2A2B4E0B001CBAB5 /* YNSelectImageFromGaleryController.swift */,
			);
			path = SelectImageControllers;
			sourceTree = "<group>";
		};
/* End PBXGroup section */

/* Begin PBXNativeTarget section */
		859B28382A18C5C90072318B /* PictureDrag */ = {
			isa = PBXNativeTarget;
			buildConfigurationList = 859B284D2A18C5CA0072318B /* Build configuration list for PBXNativeTarget "PictureDrag" */;
			buildPhases = (
				859B28352A18C5C90072318B /* Sources */,
				859B28362A18C5C90072318B /* Frameworks */,
				859B28372A18C5C90072318B /* Resources */,
			);
			buildRules = (
			);
			dependencies = (
			);
			name = PictureDrag;
			productName = PictureDrag;
			productReference = 859B28392A18C5C90072318B /* PictureDrag.app */;
			productType = "com.apple.product-type.application";
		};
/* End PBXNativeTarget section */

/* Begin PBXProject section */
		859B28312A18C5C90072318B /* Project object */ = {
			isa = PBXProject;
			attributes = {
				BuildIndependentTargetsInParallel = 1;
				LastSwiftUpdateCheck = 1430;
				LastUpgradeCheck = 1430;
				TargetAttributes = {
					859B28382A18C5C90072318B = {
						CreatedOnToolsVersion = 14.3;
					};
				};
			};
			buildConfigurationList = 859B28342A18C5C90072318B /* Build configuration list for PBXProject "PictureDrag" */;
			compatibilityVersion = "Xcode 14.0";
			developmentRegion = en;
			hasScannedForEncodings = 0;
			knownRegions = (
				en,
				Base,
			);
			mainGroup = 859B28302A18C5C90072318B;
			productRefGroup = 859B283A2A18C5C90072318B /* Products */;
			projectDirPath = "";
			projectRoot = "";
			targets = (
				859B28382A18C5C90072318B /* PictureDrag */,
			);
		};
/* End PBXProject section */

/* Begin PBXResourcesBuildPhase section */
		859B28372A18C5C90072318B /* Resources */ = {
			isa = PBXResourcesBuildPhase;
			buildActionMask = 2147483647;
			files = (
				859B28492A18C5CA0072318B /* LaunchScreen.storyboard in Resources */,
				859B28462A18C5CA0072318B /* Assets.xcassets in Resources */,
				859B28442A18C5C90072318B /* Main.storyboard in Resources */,
			);
			runOnlyForDeploymentPostprocessing = 0;
		};
/* End PBXResourcesBuildPhase section */

/* Begin PBXSourcesBuildPhase section */
		859B28352A18C5C90072318B /* Sources */ = {
			isa = PBXSourcesBuildPhase;
			buildActionMask = 2147483647;
			files = (
				859B28592A1B6E190072318B /* YNExtensions.swift in Sources */,
				856BC4C12A2114BD00259E9E /* YNTouchView.swift in Sources */,
				859F4CFE2A2B4E0B001CBAB5 /* YNSelectImageFromGaleryController.swift in Sources */,
				856BC4D22A237B4500259E9E /* YNShowResultsTableViewCell.swift in Sources */,
				859B28412A18C5C90072318B /* YNMainViewController.swift in Sources */,
				856BC4D02A2379B400259E9E /* YNShowResultsViewController.swift in Sources */,
				8529C01B2A23CAAB0030D102 /* YNInteractor.swift in Sources */,
				859B28542A1B5F3B0072318B /* YNAppDependencies.swift in Sources */,
				856BC4C82A2334C800259E9E /* YNModels.swift in Sources */,
				859B28572A1B64DF0072318B /* YNMainNavigator.swift in Sources */,
				859B285E2A1BD2D90072318B /* YNNoImageButton.swift in Sources */,
				859B285B2A1BC5250072318B /* YNMainPresenter.swift in Sources */,
				856BC4CB2A2337E500259E9E /* YNImageModifier.swift in Sources */,
				856BC4C42A2140F200259E9E /* YNDesign.swift in Sources */,
				859B283D2A18C5C90072318B /* AppDelegate.swift in Sources */,
			);
			runOnlyForDeploymentPostprocessing = 0;
		};
/* End PBXSourcesBuildPhase section */

/* Begin PBXVariantGroup section */
		859B28422A18C5C90072318B /* Main.storyboard */ = {
			isa = PBXVariantGroup;
			children = (
				859B28432A18C5C90072318B /* Base */,
			);
			name = Main.storyboard;
			sourceTree = "<group>";
		};
		859B28472A18C5CA0072318B /* LaunchScreen.storyboard */ = {
			isa = PBXVariantGroup;
			children = (
				859B28482A18C5CA0072318B /* Base */,
			);
			name = LaunchScreen.storyboard;
			sourceTree = "<group>";
		};
/* End PBXVariantGroup section */

/* Begin XCBuildConfiguration section */
		859B284B2A18C5CA0072318B /* Debug */ = {
			isa = XCBuildConfiguration;
			buildSettings = {
				ALWAYS_SEARCH_USER_PATHS = NO;
				CLANG_ANALYZER_NONNULL = YES;
				CLANG_ANALYZER_NUMBER_OBJECT_CONVERSION = YES_AGGRESSIVE;
				CLANG_CXX_LANGUAGE_STANDARD = "gnu++20";
				CLANG_ENABLE_MODULES = YES;
				CLANG_ENABLE_OBJC_ARC = YES;
				CLANG_ENABLE_OBJC_WEAK = YES;
				CLANG_WARN_BLOCK_CAPTURE_AUTORELEASING = YES;
				CLANG_WARN_BOOL_CONVERSION = YES;
				CLANG_WARN_COMMA = YES;
				CLANG_WARN_CONSTANT_CONVERSION = YES;
				CLANG_WARN_DEPRECATED_OBJC_IMPLEMENTATIONS = YES;
				CLANG_WARN_DIRECT_OBJC_ISA_USAGE = YES_ERROR;
				CLANG_WARN_DOCUMENTATION_COMMENTS = YES;
				CLANG_WARN_EMPTY_BODY = YES;
				CLANG_WARN_ENUM_CONVERSION = YES;
				CLANG_WARN_INFINITE_RECURSION = YES;
				CLANG_WARN_INT_CONVERSION = YES;
				CLANG_WARN_NON_LITERAL_NULL_CONVERSION = YES;
				CLANG_WARN_OBJC_IMPLICIT_RETAIN_SELF = YES;
				CLANG_WARN_OBJC_LITERAL_CONVERSION = YES;
				CLANG_WARN_OBJC_ROOT_CLASS = YES_ERROR;
				CLANG_WARN_QUOTED_INCLUDE_IN_FRAMEWORK_HEADER = YES;
				CLANG_WARN_RANGE_LOOP_ANALYSIS = YES;
				CLANG_WARN_STRICT_PROTOTYPES = YES;
				CLANG_WARN_SUSPICIOUS_MOVE = YES;
				CLANG_WARN_UNGUARDED_AVAILABILITY = YES_AGGRESSIVE;
				CLANG_WARN_UNREACHABLE_CODE = YES;
				CLANG_WARN__DUPLICATE_METHOD_MATCH = YES;
				COPY_PHASE_STRIP = NO;
				DEBUG_INFORMATION_FORMAT = dwarf;
				ENABLE_STRICT_OBJC_MSGSEND = YES;
				ENABLE_TESTABILITY = YES;
				GCC_C_LANGUAGE_STANDARD = gnu11;
				GCC_DYNAMIC_NO_PIC = NO;
				GCC_NO_COMMON_BLOCKS = YES;
				GCC_OPTIMIZATION_LEVEL = 0;
				GCC_PREPROCESSOR_DEFINITIONS = (
					"DEBUG=1",
					"$(inherited)",
				);
				GCC_WARN_64_TO_32_BIT_CONVERSION = YES;
				GCC_WARN_ABOUT_RETURN_TYPE = YES_ERROR;
				GCC_WARN_UNDECLARED_SELECTOR = YES;
				GCC_WARN_UNINITIALIZED_AUTOS = YES_AGGRESSIVE;
				GCC_WARN_UNUSED_FUNCTION = YES;
				GCC_WARN_UNUSED_VARIABLE = YES;
				IPHONEOS_DEPLOYMENT_TARGET = 16.4;
				MTL_ENABLE_DEBUG_INFO = INCLUDE_SOURCE;
				MTL_FAST_MATH = YES;
				ONLY_ACTIVE_ARCH = YES;
				SDKROOT = iphoneos;
				SWIFT_ACTIVE_COMPILATION_CONDITIONS = DEBUG;
				SWIFT_OPTIMIZATION_LEVEL = "-Onone";
			};
			name = Debug;
		};
		859B284C2A18C5CA0072318B /* Release */ = {
			isa = XCBuildConfiguration;
			buildSettings = {
				ALWAYS_SEARCH_USER_PATHS = NO;
				CLANG_ANALYZER_NONNULL = YES;
				CLANG_ANALYZER_NUMBER_OBJECT_CONVERSION = YES_AGGRESSIVE;
				CLANG_CXX_LANGUAGE_STANDARD = "gnu++20";
				CLANG_ENABLE_MODULES = YES;
				CLANG_ENABLE_OBJC_ARC = YES;
				CLANG_ENABLE_OBJC_WEAK = YES;
				CLANG_WARN_BLOCK_CAPTURE_AUTORELEASING = YES;
				CLANG_WARN_BOOL_CONVERSION = YES;
				CLANG_WARN_COMMA = YES;
				CLANG_WARN_CONSTANT_CONVERSION = YES;
				CLANG_WARN_DEPRECATED_OBJC_IMPLEMENTATIONS = YES;
				CLANG_WARN_DIRECT_OBJC_ISA_USAGE = YES_ERROR;
				CLANG_WARN_DOCUMENTATION_COMMENTS = YES;
				CLANG_WARN_EMPTY_BODY = YES;
				CLANG_WARN_ENUM_CONVERSION = YES;
				CLANG_WARN_INFINITE_RECURSION = YES;
				CLANG_WARN_INT_CONVERSION = YES;
				CLANG_WARN_NON_LITERAL_NULL_CONVERSION = YES;
				CLANG_WARN_OBJC_IMPLICIT_RETAIN_SELF = YES;
				CLANG_WARN_OBJC_LITERAL_CONVERSION = YES;
				CLANG_WARN_OBJC_ROOT_CLASS = YES_ERROR;
				CLANG_WARN_QUOTED_INCLUDE_IN_FRAMEWORK_HEADER = YES;
				CLANG_WARN_RANGE_LOOP_ANALYSIS = YES;
				CLANG_WARN_STRICT_PROTOTYPES = YES;
				CLANG_WARN_SUSPICIOUS_MOVE = YES;
				CLANG_WARN_UNGUARDED_AVAILABILITY = YES_AGGRESSIVE;
				CLANG_WARN_UNREACHABLE_CODE = YES;
				CLANG_WARN__DUPLICATE_METHOD_MATCH = YES;
				COPY_PHASE_STRIP = NO;
				DEBUG_INFORMATION_FORMAT = "dwarf-with-dsym";
				ENABLE_NS_ASSERTIONS = NO;
				ENABLE_STRICT_OBJC_MSGSEND = YES;
				GCC_C_LANGUAGE_STANDARD = gnu11;
				GCC_NO_COMMON_BLOCKS = YES;
				GCC_WARN_64_TO_32_BIT_CONVERSION = YES;
				GCC_WARN_ABOUT_RETURN_TYPE = YES_ERROR;
				GCC_WARN_UNDECLARED_SELECTOR = YES;
				GCC_WARN_UNINITIALIZED_AUTOS = YES_AGGRESSIVE;
				GCC_WARN_UNUSED_FUNCTION = YES;
				GCC_WARN_UNUSED_VARIABLE = YES;
				IPHONEOS_DEPLOYMENT_TARGET = 16.4;
				MTL_ENABLE_DEBUG_INFO = NO;
				MTL_FAST_MATH = YES;
				SDKROOT = iphoneos;
				SWIFT_COMPILATION_MODE = wholemodule;
				SWIFT_OPTIMIZATION_LEVEL = "-O";
				VALIDATE_PRODUCT = YES;
			};
			name = Release;
		};
		859B284E2A18C5CA0072318B /* Debug */ = {
			isa = XCBuildConfiguration;
			buildSettings = {
				ASSETCATALOG_COMPILER_APPICON_NAME = AppIcon;
				ASSETCATALOG_COMPILER_GLOBAL_ACCENT_COLOR_NAME = AccentColor;
				CODE_SIGN_STYLE = Automatic;
				CURRENT_PROJECT_VERSION = 1;
				DEVELOPMENT_TEAM = KMJ8RETDFS;
				GENERATE_INFOPLIST_FILE = YES;
				INFOPLIST_FILE = PictureDrag/Info.plist;
				INFOPLIST_KEY_CFBundleDisplayName = "${PRODUCT_NAME}";
				INFOPLIST_KEY_LSApplicationCategoryType = "public.app-category.kids-games";
				INFOPLIST_KEY_UIApplicationSupportsIndirectInputEvents = YES;
				INFOPLIST_KEY_UILaunchStoryboardName = LaunchScreen;
				INFOPLIST_KEY_UIMainStoryboardFile = Main;
				INFOPLIST_KEY_UIStatusBarStyle = UIStatusBarStyleLightContent;
				INFOPLIST_KEY_UISupportedInterfaceOrientations = "UIInterfaceOrientationPortrait UIInterfaceOrientationPortraitUpsideDown UIInterfaceOrientationLandscapeLeft UIInterfaceOrientationLandscapeRight";
				INFOPLIST_KEY_UISupportedInterfaceOrientations_iPad = "UIInterfaceOrientationPortrait UIInterfaceOrientationPortraitUpsideDown UIInterfaceOrientationLandscapeLeft UIInterfaceOrientationLandscapeRight";
				INFOPLIST_KEY_UISupportedInterfaceOrientations_iPhone = "UIInterfaceOrientationPortrait UIInterfaceOrientationLandscapeLeft UIInterfaceOrientationLandscapeRight";
				IPHONEOS_DEPLOYMENT_TARGET = 13.0;
				LD_RUNPATH_SEARCH_PATHS = (
					"$(inherited)",
					"@executable_path/Frameworks",
				);
				MARKETING_VERSION = 1.0;
				PRODUCT_BUNDLE_IDENTIFIER = com.yuliansn.picturedrag;
				PRODUCT_NAME = "$(TARGET_NAME)";
				SUPPORTED_PLATFORMS = "iphoneos iphonesimulator";
				SUPPORTS_MACCATALYST = NO;
				SUPPORTS_MAC_DESIGNED_FOR_IPHONE_IPAD = YES;
				SWIFT_EMIT_LOC_STRINGS = YES;
				SWIFT_VERSION = 5.0;
				TARGETED_DEVICE_FAMILY = 2;
			};
			name = Debug;
		};
		859B284F2A18C5CA0072318B /* Release */ = {
			isa = XCBuildConfiguration;
			buildSettings = {
				ASSETCATALOG_COMPILER_APPICON_NAME = AppIcon;
				ASSETCATALOG_COMPILER_GLOBAL_ACCENT_COLOR_NAME = AccentColor;
				CODE_SIGN_STYLE = Automatic;
				CURRENT_PROJECT_VERSION = 1;
				DEVELOPMENT_TEAM = KMJ8RETDFS;
				GENERATE_INFOPLIST_FILE = YES;
				INFOPLIST_FILE = PictureDrag/Info.plist;
				INFOPLIST_KEY_CFBundleDisplayName = "${PRODUCT_NAME}";
				INFOPLIST_KEY_LSApplicationCategoryType = "public.app-category.kids-games";
				INFOPLIST_KEY_UIApplicationSupportsIndirectInputEvents = YES;
				INFOPLIST_KEY_UILaunchStoryboardName = LaunchScreen;
				INFOPLIST_KEY_UIMainStoryboardFile = Main;
				INFOPLIST_KEY_UIStatusBarStyle = UIStatusBarStyleLightContent;
				INFOPLIST_KEY_UISupportedInterfaceOrientations = "UIInterfaceOrientationPortrait UIInterfaceOrientationPortraitUpsideDown UIInterfaceOrientationLandscapeLeft UIInterfaceOrientationLandscapeRight";
				INFOPLIST_KEY_UISupportedInterfaceOrientations_iPad = "UIInterfaceOrientationPortrait UIInterfaceOrientationPortraitUpsideDown UIInterfaceOrientationLandscapeLeft UIInterfaceOrientationLandscapeRight";
				INFOPLIST_KEY_UISupportedInterfaceOrientations_iPhone = "UIInterfaceOrientationPortrait UIInterfaceOrientationLandscapeLeft UIInterfaceOrientationLandscapeRight";
				IPHONEOS_DEPLOYMENT_TARGET = 13.0;
				LD_RUNPATH_SEARCH_PATHS = (
					"$(inherited)",
					"@executable_path/Frameworks",
				);
				MARKETING_VERSION = 1.0;
				PRODUCT_BUNDLE_IDENTIFIER = com.yuliansn.picturedrag;
				PRODUCT_NAME = "$(TARGET_NAME)";
				SUPPORTED_PLATFORMS = "iphoneos iphonesimulator";
				SUPPORTS_MACCATALYST = NO;
				SUPPORTS_MAC_DESIGNED_FOR_IPHONE_IPAD = YES;
				SWIFT_EMIT_LOC_STRINGS = YES;
				SWIFT_VERSION = 5.0;
				TARGETED_DEVICE_FAMILY = 2;
			};
			name = Release;
		};
/* End XCBuildConfiguration section */

/* Begin XCConfigurationList section */
		859B28342A18C5C90072318B /* Build configuration list for PBXProject "PictureDrag" */ = {
			isa = XCConfigurationList;
			buildConfigurations = (
				859B284B2A18C5CA0072318B /* Debug */,
				859B284C2A18C5CA0072318B /* Release */,
			);
			defaultConfigurationIsVisible = 0;
			defaultConfigurationName = Release;
		};
		859B284D2A18C5CA0072318B /* Build configuration list for PBXNativeTarget "PictureDrag" */ = {
			isa = XCConfigurationList;
			buildConfigurations = (
				859B284E2A18C5CA0072318B /* Debug */,
				859B284F2A18C5CA0072318B /* Release */,
			);
			defaultConfigurationIsVisible = 0;
			defaultConfigurationName = Release;
		};
/* End XCConfigurationList section */
	};
	rootObject = 859B28312A18C5C90072318B /* Project object */;
}
